
Microsoft Visual Studio Solution File, Format Version 12.00
# Visual Studio Version 17
VisualStudioVersion = 17.1.32210.238
MinimumVisualStudioVersion = 10.0.40219.1
Project("{9A19103F-16F7-4668-BE54-9A1E7A4F7556}") = "BankServiceFor1C8", "BankServiceFor1C8.csproj", "{FEEE9870-EC27-477B-BE8B-E4F62A295B62}"
EndProject
Project("{2150E333-8FDC-42A3-9474-1A3956D46DE8}") = "Solution Items", "Solution Items", "{F51517EC-D048-44B1-93E5-2261E35C4BCD}"
EndProject
Global
	GlobalSection(SolutionConfigurationPlatforms) = preSolution
		Debug|Any CPU = Debug|Any CPU
		Release|Any CPU = Release|Any CPU
	EndGlobalSection
	GlobalSection(ProjectConfigurationPlatforms) = postSolution
		{FEEE9870-EC27-477B-BE8B-E4F62A295B62}.Debug|Any CPU.ActiveCfg = Debug|Any CPU
		{FEEE9870-EC27-477B-BE8B-E4F62A295B62}.Debug|Any CPU.Build.0 = Debug|Any CPU
		{FEEE9870-EC27-477B-BE8B-E4F62A295B62}.Release|Any CPU.ActiveCfg = Release|Any CPU
		{FEEE9870-EC27-477B-BE8B-E4F62A295B62}.Release|Any CPU.Build.0 = Release|Any CPU
	EndGlobalSection
	GlobalSection(SolutionProperties) = preSolution
		HideSolutionNode = FALSE
	EndGlobalSection
	GlobalSection(ExtensibilityGlobals) = postSolution
		SolutionGuid = {183CC677-2BC9-493F-A5A0-FFB9AC0E1C61}
	EndGlobalSection
EndGlobal
